
Microsoft Visual Studio Solution File, Format Version 12.00
# Visual Studio Version 16
VisualStudioVersion = 16.0.29306.81
MinimumVisualStudioVersion = 10.0.40219.1
Project("{2150E333-8FDC-42A3-9474-1A3956D46DE8}") = "Applications", "Applications", "{48E163CF-B6D8-4922-954E-44D155CB31F7}"
EndProject
Project("{2150E333-8FDC-42A3-9474-1A3956D46DE8}") = "Libraries", "Libraries", "{2A820EE2-A090-4C5E-AC55-77CB77811E7F}"
EndProject
Project("{FAE04EC0-301F-11D3-BF4B-00C04F79EFBC}") = "BuildingsInfo.EF", "BuildingsInfo.EF\BuildingsInfo.EF.csproj", "{635984C2-64E2-4A99-B3EB-39ED09EF9A90}"
EndProject
Global
	GlobalSection(SolutionConfigurationPlatforms) = preSolution
		Debug|Any CPU = Debug|Any CPU
		Release|Any CPU = Release|Any CPU
	EndGlobalSection
	GlobalSection(ProjectConfigurationPlatforms) = postSolution
		{635984C2-64E2-4A99-B3EB-39ED09EF9A90}.Debug|Any CPU.ActiveCfg = Debug|Any CPU
		{635984C2-64E2-4A99-B3EB-39ED09EF9A90}.Debug|Any CPU.Build.0 = Debug|Any CPU
		{635984C2-64E2-4A99-B3EB-39ED09EF9A90}.Release|Any CPU.ActiveCfg = Release|Any CPU
		{635984C2-64E2-4A99-B3EB-39ED09EF9A90}.Release|Any CPU.Build.0 = Release|Any CPU
	EndGlobalSection
	GlobalSection(SolutionProperties) = preSolution
		HideSolutionNode = FALSE
	EndGlobalSection
	GlobalSection(NestedProjects) = preSolution
		{635984C2-64E2-4A99-B3EB-39ED09EF9A90} = {2A820EE2-A090-4C5E-AC55-77CB77811E7F}
	EndGlobalSection
	GlobalSection(ExtensibilityGlobals) = postSolution
		SolutionGuid = {F9268674-714B-4CC2-B8C0-5E9A672FC4F8}
	EndGlobalSection
EndGlobal
